PODS:
  - alarm (0.0.1):
    - Flutter
  - app_settings (6.1.2):
    - Flutter
  - Flutter (1.0.0)
  - flutter_fgbg (0.0.1):
    - Flutter
  - geolocator_apple (1.2.0):
    - Flutter
    - FlutterMacOS
  - ObjectBox (4.4.1)
  - objectbox_flutter_libs (0.0.1):
    - Flutter
    - ObjectBox (= 4.4.1)
  - package_info_plus (0.4.5):
    - Flutter
  - shared_preferences_foundation (0.0.1):
    - Flutter
    - FlutterMacOS
  - url_launcher_ios (0.0.1):
    - Flutter

DEPENDENCIES:
  - alarm (from `.symlinks/plugins/alarm/ios`)
  - app_settings (from `.symlinks/plugins/app_settings/ios`)
  - Flutter (from `Flutter`)
  - flutter_fgbg (from `.symlinks/plugins/flutter_fgbg/ios`)
  - geolocator_apple (from `.symlinks/plugins/geolocator_apple/darwin`)
  - objectbox_flutter_libs (from `.symlinks/plugins/objectbox_flutter_libs/ios`)
  - package_info_plus (from `.symlinks/plugins/package_info_plus/ios`)
  - shared_preferences_foundation (from `.symlinks/plugins/shared_preferences_foundation/darwin`)
  - url_launcher_ios (from `.symlinks/plugins/url_launcher_ios/ios`)

SPEC REPOS:
  trunk:
    - ObjectBox

EXTERNAL SOURCES:
  alarm:
    :path: ".symlinks/plugins/alarm/ios"
  app_settings:
    :path: ".symlinks/plugins/app_settings/ios"
  Flutter:
    :path: Flutter
  flutter_fgbg:
    :path: ".symlinks/plugins/flutter_fgbg/ios"
  geolocator_apple:
    :path: ".symlinks/plugins/geolocator_apple/darwin"
  objectbox_flutter_libs:
    :path: ".symlinks/plugins/objectbox_flutter_libs/ios"
  package_info_plus:
    :path: ".symlinks/plugins/package_info_plus/ios"
  shared_preferences_foundation:
    :path: ".symlinks/plugins/shared_preferences_foundation/darwin"
  url_launcher_ios:
    :path: ".symlinks/plugins/url_launcher_ios/ios"

SPEC CHECKSUMS:
  alarm: 9ff6d2dae9bd69c4022622f7e0a1e9c1dd70064e
  app_settings: 0341ec6daa4f0c50f5a421bf0ad7c36084db6e90
  Flutter: cabc95a1d2626b1b06e7179b784ebcf0c0cde467
  flutter_fgbg: d3da78df78454b1808f0829a5da9cd17dfe16444
  geolocator_apple: ab36aa0e8b7d7a2d7639b3b4e48308394e8cef5e
  ObjectBox: 7da4aceb5013d041bfafdbc6d744a26918b09757
  objectbox_flutter_libs: 09b1dec1b4cd27bf1a5f9bae7ccaa7e43588bf31
  package_info_plus: af8e2ca6888548050f16fa2f1938db7b5a5df499
  shared_preferences_foundation: 7036424c3d8ec98dfe75ff1667cb0cd531ec82bb
  url_launcher_ios: 7a95fa5b60cc718a708b8f2966718e93db0cef1b

PODFILE CHECKSUM: 1959d098c91d8a792531a723c4a9d7e9f6a01e38

COCOAPODS: 1.16.2
